
Microsoft Visual Studio Solution File, Format Version 12.00
# Visual Studio Version 16
VisualStudioVersion = 16.0.29025.244
MinimumVisualStudioVersion = 10.0.40219.1
Project("{FAE04EC0-301F-11D3-BF4B-00C04F79EFBC}") = "GIT- Comandos", "GIT- Comandos.csproj", "{2CE67549-8303-4856-8FF3-DE7139B709BC}"
EndProject
Global
	GlobalSection(SolutionConfigurationPlatforms) = preSolution
		Debug|Any CPU = Debug|Any CPU
		Release|Any CPU = Release|Any CPU
	EndGlobalSection
	GlobalSection(ProjectConfigurationPlatforms) = postSolution
		{2CE67549-8303-4856-8FF3-DE7139B709BC}.Debug|Any CPU.ActiveCfg = Debug|Any CPU
		{2CE67549-8303-4856-8FF3-DE7139B709BC}.Debug|Any CPU.Build.0 = Debug|Any CPU
		{2CE67549-8303-4856-8FF3-DE7139B709BC}.Release|Any CPU.ActiveCfg = Release|Any CPU
		{2CE67549-8303-4856-8FF3-DE7139B709BC}.Release|Any CPU.Build.0 = Release|Any CPU
	EndGlobalSection
	GlobalSection(SolutionProperties) = preSolution
		HideSolutionNode = FALSE
	EndGlobalSection
	GlobalSection(ExtensibilityGlobals) = postSolution
		SolutionGuid = {F2869938-7D0B-4E90-B8BA-3601CC10771F}
	EndGlobalSection
EndGlobal
